<Solution>
  <Project Path="PKHeX.Core/PKHeX.Core.csproj" />
  <Project Path="PKHeX.Mercury.Core/PKHeX.Mercury.Core.csproj" />
  <Project Path="PKHeX.Mercury/PKHeX.Mercury.csproj" />
  <Folder Name="/Tests/">
    <Project Path="Tests/PKHeX.Mercury.Tests/PKHeX.Mercury.Tests.csproj" />
    <Project Path="Tests/PKHeX.Mercury.UITests/PKHeX.Mercury.UITests.csproj" />
  </Folder>
</Solution>
